// !$*UTF8*$!
{
	archiveVersion = 1;
	classes = {
	};
	objectVersion = 50;
	objects = {

/* Begin PBXBuildFile section */
		7476B85526A9BF0C57FEAD56 /* Pods_FilteringOperatorsRxSwiftToDoApp.framework in Frameworks */ = {isa = PBXBuildFile; fileRef = B0EA2B99226348118F9EBC63 /* Pods_FilteringOperatorsRxSwiftToDoApp.framework */; };
		ABCA39512647EAD90027AC79 /* AppDelegate.swift in Sources */ = {isa = PBXBuildFile; fileRef = ABCA39502647EAD90027AC79 /* AppDelegate.swift */; };
		ABCA39532647EAD90027AC79 /* SceneDelegate.swift in Sources */ = {isa = PBXBuildFile; fileRef = ABCA39522647EAD90027AC79 /* SceneDelegate.swift */; };
		ABCA39552647EAD90027AC79 /* ViewController.swift in Sources */ = {isa = PBXBuildFile; fileRef = ABCA39542647EAD90027AC79 /* ViewController.swift */; };
		ABCA39582647EAD90027AC79 /* Main.storyboard in Resources */ = {isa = PBXBuildFile; fileRef = ABCA39562647EAD90027AC79 /* Main.storyboard */; };
		ABCA395A2647EADC0027AC79 /* Assets.xcassets in Resources */ = {isa = PBXBuildFile; fileRef = ABCA39592647EADC0027AC79 /* Assets.xcassets */; };
		ABCA395D2647EADC0027AC79 /* LaunchScreen.storyboard in Resources */ = {isa = PBXBuildFile; fileRef = ABCA395B2647EADC0027AC79 /* LaunchScreen.storyboard */; };
/* End PBXBuildFile section */

/* Begin PBXFileReference section */
		0BAC4858F6AC1325A1E581E1 /* Pods-FilteringOperatorsRxSwiftToDoApp.release.xcconfig */ = {isa = PBXFileReference; includeInIndex = 1; lastKnownFileType = text.xcconfig; name = "Pods-FilteringOperatorsRxSwiftToDoApp.release.xcconfig"; path = "Target Support Files/Pods-FilteringOperatorsRxSwiftToDoApp/Pods-FilteringOperatorsRxSwiftToDoApp.release.xcconfig"; sourceTree = "<group>"; };
		7B652DC497B611AECA875F0F /* Pods-FilteringOperatorsRxSwiftToDoApp.debug.xcconfig */ = {isa = PBXFileReference; includeInIndex = 1; lastKnownFileType = text.xcconfig; name = "Pods-FilteringOperatorsRxSwiftToDoApp.debug.xcconfig"; path = "Target Support Files/Pods-FilteringOperatorsRxSwiftToDoApp/Pods-FilteringOperatorsRxSwiftToDoApp.debug.xcconfig"; sourceTree = "<group>"; };
		ABCA394D2647EAD90027AC79 /* FilteringOperatorsRxSwiftToDoApp.app */ = {isa = PBXFileReference; explicitFileType = wrapper.application; includeInIndex = 0; path = FilteringOperatorsRxSwiftToDoApp.app; sourceTree = BUILT_PRODUCTS_DIR; };
		ABCA39502647EAD90027AC79 /* AppDelegate.swift */ = {isa = PBXFileReference; lastKnownFileType = sourcecode.swift; path = AppDelegate.swift; sourceTree = "<group>"; };
		ABCA39522647EAD90027AC79 /* SceneDelegate.swift */ = {isa = PBXFileReference; lastKnownFileType = sourcecode.swift; path = SceneDelegate.swift; sourceTree = "<group>"; };
		ABCA39542647EAD90027AC79 /* ViewController.swift */ = {isa = PBXFileReference; lastKnownFileType = sourcecode.swift; path = ViewController.swift; sourceTree = "<group>"; };
		ABCA39572647EAD90027AC79 /* Base */ = {isa = PBXFileReference; lastKnownFileType = file.storyboard; name = Base; path = Base.lproj/Main.storyboard; sourceTree = "<group>"; };
		ABCA39592647EADC0027AC79 /* Assets.xcassets */ = {isa = PBXFileReference; lastKnownFileType = folder.assetcatalog; path = Assets.xcassets; sourceTree = "<group>"; };
		ABCA395C2647EADC0027AC79 /* Base */ = {isa = PBXFileReference; lastKnownFileType = file.storyboard; name = Base; path = Base.lproj/LaunchScreen.storyboard; sourceTree = "<group>"; };
		ABCA395E2647EADC0027AC79 /* Info.plist */ = {isa = PBXFileReference; lastKnownFileType = text.plist.xml; path = Info.plist; sourceTree = "<group>"; };
		B0EA2B99226348118F9EBC63 /* Pods_FilteringOperatorsRxSwiftToDoApp.framework */ = {isa = PBXFileReference; explicitFileType = wrapper.framework; includeInIndex = 0; path = Pods_FilteringOperatorsRxSwiftToDoApp.framework; sourceTree = BUILT_PRODUCTS_DIR; };
/* End PBXFileReference section */

/* Begin PBXFrameworksBuildPhase section */
		ABCA394A2647EAD90027AC79 /* Frameworks */ = {
			isa = PBXFrameworksBuildPhase;
			buildActionMask = 2147483647;
			files = (
				7476B85526A9BF0C57FEAD56 /* Pods_FilteringOperatorsRxSwiftToDoApp.framework in Frameworks */,
			);
			runOnlyForDeploymentPostprocessing = 0;
		};
/* End PBXFrameworksBuildPhase section */

/* Begin PBXGroup section */
		0D9C92A3E68C92888EE78D29 /* Frameworks */ = {
			isa = PBXGroup;
			children = (
				B0EA2B99226348118F9EBC63 /* Pods_FilteringOperatorsRxSwiftToDoApp.framework */,
			);
			name = Frameworks;
			sourceTree = "<group>";
		};
		5120EEB72050275CF67CF300 /* Pods */ = {
			isa = PBXGroup;
			children = (
				7B652DC497B611AECA875F0F /* Pods-FilteringOperatorsRxSwiftToDoApp.debug.xcconfig */,
				0BAC4858F6AC1325A1E581E1 /* Pods-FilteringOperatorsRxSwiftToDoApp.release.xcconfig */,
			);
			name = Pods;
			path = Pods;
			sourceTree = "<group>";
		};
		ABCA39442647EAD90027AC79 = {
			isa = PBXGroup;
			children = (
				ABCA394F2647EAD90027AC79 /* FilteringOperatorsRxSwiftToDoApp */,
				ABCA394E2647EAD90027AC79 /* Products */,
				5120EEB72050275CF67CF300 /* Pods */,
				0D9C92A3E68C92888EE78D29 /* Frameworks */,
			);
			sourceTree = "<group>";
		};
		ABCA394E2647EAD90027AC79 /* Products */ = {
			isa = PBXGroup;
			children = (
				ABCA394D2647EAD90027AC79 /* FilteringOperatorsRxSwiftToDoApp.app */,
			);
			name = Products;
			sourceTree = "<group>";
		};
		ABCA394F2647EAD90027AC79 /* FilteringOperatorsRxSwiftToDoApp */ = {
			isa = PBXGroup;
			children = (
				ABCA39502647EAD90027AC79 /* AppDelegate.swift */,
				ABCA39522647EAD90027AC79 /* SceneDelegate.swift */,
				ABCA39542647EAD90027AC79 /* ViewController.swift */,
				ABCA39562647EAD90027AC79 /* Main.storyboard */,
				ABCA39592647EADC0027AC79 /* Assets.xcassets */,
				ABCA395B2647EADC0027AC79 /* LaunchScreen.storyboard */,
				ABCA395E2647EADC0027AC79 /* Info.plist */,
			);
			path = FilteringOperatorsRxSwiftToDoApp;
			sourceTree = "<group>";
		};
/* End PBXGroup section */

/* Begin PBXNativeTarget section */
		ABCA394C2647EAD90027AC79 /* FilteringOperatorsRxSwiftToDoApp */ = {
			isa = PBXNativeTarget;
			buildConfigurationList = ABCA39612647EADC0027AC79 /* Build configuration list for PBXNativeTarget "FilteringOperatorsRxSwiftToDoApp" */;
			buildPhases = (
				053B1BC973C517FA8C234966 /* [CP] Check Pods Manifest.lock */,
				ABCA39492647EAD90027AC79 /* Sources */,
				ABCA394A2647EAD90027AC79 /* Frameworks */,
				ABCA394B2647EAD90027AC79 /* Resources */,
				0E2BCF75071040469811D245 /* [CP] Embed Pods Frameworks */,
			);
			buildRules = (
			);
			dependencies = (
			);
			name = FilteringOperatorsRxSwiftToDoApp;
			productName = FilteringOperatorsRxSwiftToDoApp;
			productReference = ABCA394D2647EAD90027AC79 /* FilteringOperatorsRxSwiftToDoApp.app */;
			productType = "com.apple.product-type.application";
		};
/* End PBXNativeTarget section */

/* Begin PBXProject section */
		ABCA39452647EAD90027AC79 /* Project object */ = {
			isa = PBXProject;
			attributes = {
				LastSwiftUpdateCheck = 1250;
				LastUpgradeCheck = 1250;
				TargetAttributes = {
					ABCA394C2647EAD90027AC79 = {
						CreatedOnToolsVersion = 12.5;
					};
				};
			};
			buildConfigurationList = ABCA39482647EAD90027AC79 /* Build configuration list for PBXProject "FilteringOperatorsRxSwiftToDoApp" */;
			compatibilityVersion = "Xcode 9.3";
			developmentRegion = en;
			hasScannedForEncodings = 0;
			knownRegions = (
				en,
				Base,
			);
			mainGroup = ABCA39442647EAD90027AC79;
			productRefGroup = ABCA394E2647EAD90027AC79 /* Products */;
			projectDirPath = "";
			projectRoot = "";
			targets = (
				ABCA394C2647EAD90027AC79 /* FilteringOperatorsRxSwiftToDoApp */,
			);
		};
/* End PBXProject section */

/* Begin PBXResourcesBuildPhase section */
		ABCA394B2647EAD90027AC79 /* Resources */ = {
			isa = PBXResourcesBuildPhase;
			buildActionMask = 2147483647;
			files = (
				ABCA395D2647EADC0027AC79 /* LaunchScreen.storyboard in Resources */,
				ABCA395A2647EADC0027AC79 /* Assets.xcassets in Resources */,
				ABCA39582647EAD90027AC79 /* Main.storyboard in Resources */,
			);
			runOnlyForDeploymentPostprocessing = 0;
		};
/* End PBXResourcesBuildPhase section */

/* Begin PBXShellScriptBuildPhase section */
		053B1BC973C517FA8C234966 /* [CP] Check Pods Manifest.lock */ = {
			isa = PBXShellScriptBuildPhase;
			buildActionMask = 2147483647;
			files = (
			);
			inputFileListPaths = (
			);
			inputPaths = (
				"${PODS_PODFILE_DIR_PATH}/Podfile.lock",
				"${PODS_ROOT}/Manifest.lock",
			);
			name = "[CP] Check Pods Manifest.lock";
			outputFileListPaths = (
			);
			outputPaths = (
				"$(DERIVED_FILE_DIR)/Pods-FilteringOperatorsRxSwiftToDoApp-checkManifestLockResult.txt",
			);
			runOnlyForDeploymentPostprocessing = 0;
			shellPath = /bin/sh;
			shellScript = "diff \"${PODS_PODFILE_DIR_PATH}/Podfile.lock\" \"${PODS_ROOT}/Manifest.lock\" > /dev/null\nif [ $? != 0 ] ; then\n    # print error to STDERR\n    echo \"error: The sandbox is not in sync with the Podfile.lock. Run 'pod install' or update your CocoaPods installation.\" >&2\n    exit 1\nfi\n# This output is used by Xcode 'outputs' to avoid re-running this script phase.\necho \"SUCCESS\" > \"${SCRIPT_OUTPUT_FILE_0}\"\n";
			showEnvVarsInLog = 0;
		};
		0E2BCF75071040469811D245 /* [CP] Embed Pods Frameworks */ = {
			isa = PBXShellScriptBuildPhase;
			buildActionMask = 2147483647;
			files = (
			);
			inputFileListPaths = (
				"${PODS_ROOT}/Target Support Files/Pods-FilteringOperatorsRxSwiftToDoApp/Pods-FilteringOperatorsRxSwiftToDoApp-frameworks-${CONFIGURATION}-input-files.xcfilelist",
			);
			name = "[CP] Embed Pods Frameworks";
			outputFileListPaths = (
				"${PODS_ROOT}/Target Support Files/Pods-FilteringOperatorsRxSwiftToDoApp/Pods-FilteringOperatorsRxSwiftToDoApp-frameworks-${CONFIGURATION}-output-files.xcfilelist",
			);
			runOnlyForDeploymentPostprocessing = 0;
			shellPath = /bin/sh;
			shellScript = "\"${PODS_ROOT}/Target Support Files/Pods-FilteringOperatorsRxSwiftToDoApp/Pods-FilteringOperatorsRxSwiftToDoApp-frameworks.sh\"\n";
			showEnvVarsInLog = 0;
		};
/* End PBXShellScriptBuildPhase section */

/* Begin PBXSourcesBuildPhase section */
		ABCA39492647EAD90027AC79 /* Sources */ = {
			isa = PBXSourcesBuildPhase;
			buildActionMask = 2147483647;
			files = (
				ABCA39552647EAD90027AC79 /* ViewController.swift in Sources */,
				ABCA39512647EAD90027AC79 /* AppDelegate.swift in Sources */,
				ABCA39532647EAD90027AC79 /* SceneDelegate.swift in Sources */,
			);
			runOnlyForDeploymentPostprocessing = 0;
		};
/* End PBXSourcesBuildPhase section */

/* Begin PBXVariantGroup section */
		ABCA39562647EAD90027AC79 /* Main.storyboard */ = {
			isa = PBXVariantGroup;
			children = (
				ABCA39572647EAD90027AC79 /* Base */,
			);
			name = Main.storyboard;
			sourceTree = "<group>";
		};
		ABCA395B2647EADC0027AC79 /* LaunchScreen.storyboard */ = {
			isa = PBXVariantGroup;
			children = (
				ABCA395C2647EADC0027AC79 /* Base */,
			);
			name = LaunchScreen.storyboard;
			sourceTree = "<group>";
		};
/* End PBXVariantGroup section */

/* Begin XCBuildConfiguration section */
		ABCA395F2647EADC0027AC79 /* Debug */ = {
			isa = XCBuildConfiguration;
			buildSettings = {
				ALWAYS_SEARCH_USER_PATHS = NO;
				CLANG_ANALYZER_NONNULL = YES;
				CLANG_ANALYZER_NUMBER_OBJECT_CONVERSION = YES_AGGRESSIVE;
				CLANG_CXX_LANGUAGE_STANDARD = "gnu++14";
				CLANG_CXX_LIBRARY = "libc++";
				CLANG_ENABLE_MODULES = YES;
				CLANG_ENABLE_OBJC_ARC = YES;
				CLANG_ENABLE_OBJC_WEAK = YES;
				CLANG_WARN_BLOCK_CAPTURE_AUTORELEASING = YES;
				CLANG_WARN_BOOL_CONVERSION = YES;
				CLANG_WARN_COMMA = YES;
				CLANG_WARN_CONSTANT_CONVERSION = YES;
				CLANG_WARN_DEPRECATED_OBJC_IMPLEMENTATIONS = YES;
				CLANG_WARN_DIRECT_OBJC_ISA_USAGE = YES_ERROR;
				CLANG_WARN_DOCUMENTATION_COMMENTS = YES;
				CLANG_WARN_EMPTY_BODY = YES;
				CLANG_WARN_ENUM_CONVERSION = YES;
				CLANG_WARN_INFINITE_RECURSION = YES;
				CLANG_WARN_INT_CONVERSION = YES;
				CLANG_WARN_NON_LITERAL_NULL_CONVERSION = YES;
				CLANG_WARN_OBJC_IMPLICIT_RETAIN_SELF = YES;
				CLANG_WARN_OBJC_LITERAL_CONVERSION = YES;
				CLANG_WARN_OBJC_ROOT_CLASS = YES_ERROR;
				CLANG_WARN_QUOTED_INCLUDE_IN_FRAMEWORK_HEADER = YES;
				CLANG_WARN_RANGE_LOOP_ANALYSIS = YES;
				CLANG_WARN_STRICT_PROTOTYPES = YES;
				CLANG_WARN_SUSPICIOUS_MOVE = YES;
				CLANG_WARN_UNGUARDED_AVAILABILITY = YES_AGGRESSIVE;
				CLANG_WARN_UNREACHABLE_CODE = YES;
				CLANG_WARN__DUPLICATE_METHOD_MATCH = YES;
				COPY_PHASE_STRIP = NO;
				DEBUG_INFORMATION_FORMAT = dwarf;
				ENABLE_STRICT_OBJC_MSGSEND = YES;
				ENABLE_TESTABILITY = YES;
				GCC_C_LANGUAGE_STANDARD = gnu11;
				GCC_DYNAMIC_NO_PIC = NO;
				GCC_NO_COMMON_BLOCKS = YES;
				GCC_OPTIMIZATION_LEVEL = 0;
				GCC_PREPROCESSOR_DEFINITIONS = (
					"DEBUG=1",
					"$(inherited)",
				);
				GCC_WARN_64_TO_32_BIT_CONVERSION = YES;
				GCC_WARN_ABOUT_RETURN_TYPE = YES_ERROR;
				GCC_WARN_UNDECLARED_SELECTOR = YES;
				GCC_WARN_UNINITIALIZED_AUTOS = YES_AGGRESSIVE;
				GCC_WARN_UNUSED_FUNCTION = YES;
				GCC_WARN_UNUSED_VARIABLE = YES;
				IPHONEOS_DEPLOYMENT_TARGET = 14.5;
				MTL_ENABLE_DEBUG_INFO = INCLUDE_SOURCE;
				MTL_FAST_MATH = YES;
				ONLY_ACTIVE_ARCH = YES;
				SDKROOT = iphoneos;
				SWIFT_ACTIVE_COMPILATION_CONDITIONS = DEBUG;
				SWIFT_OPTIMIZATION_LEVEL = "-Onone";
			};
			name = Debug;
		};
		ABCA39602647EADC0027AC79 /* Release */ = {
			isa = XCBuildConfiguration;
			buildSettings = {
				ALWAYS_SEARCH_USER_PATHS = NO;
				CLANG_ANALYZER_NONNULL = YES;
				CLANG_ANALYZER_NUMBER_OBJECT_CONVERSION = YES_AGGRESSIVE;
				CLANG_CXX_LANGUAGE_STANDARD = "gnu++14";
				CLANG_CXX_LIBRARY = "libc++";
				CLANG_ENABLE_MODULES = YES;
				CLANG_ENABLE_OBJC_ARC = YES;
				CLANG_ENABLE_OBJC_WEAK = YES;
				CLANG_WARN_BLOCK_CAPTURE_AUTORELEASING = YES;
				CLANG_WARN_BOOL_CONVERSION = YES;
				CLANG_WARN_COMMA = YES;
				CLANG_WARN_CONSTANT_CONVERSION = YES;
				CLANG_WARN_DEPRECATED_OBJC_IMPLEMENTATIONS = YES;
				CLANG_WARN_DIRECT_OBJC_ISA_USAGE = YES_ERROR;
				CLANG_WARN_DOCUMENTATION_COMMENTS = YES;
				CLANG_WARN_EMPTY_BODY = YES;
				CLANG_WARN_ENUM_CONVERSION = YES;
				CLANG_WARN_INFINITE_RECURSION = YES;
				CLANG_WARN_INT_CONVERSION = YES;
				CLANG_WARN_NON_LITERAL_NULL_CONVERSION = YES;
				CLANG_WARN_OBJC_IMPLICIT_RETAIN_SELF = YES;
				CLANG_WARN_OBJC_LITERAL_CONVERSION = YES;
				CLANG_WARN_OBJC_ROOT_CLASS = YES_ERROR;
				CLANG_WARN_QUOTED_INCLUDE_IN_FRAMEWORK_HEADER = YES;
				CLANG_WARN_RANGE_LOOP_ANALYSIS = YES;
				CLANG_WARN_STRICT_PROTOTYPES = YES;
				CLANG_WARN_SUSPICIOUS_MOVE = YES;
				CLANG_WARN_UNGUARDED_AVAILABILITY = YES_AGGRESSIVE;
				CLANG_WARN_UNREACHABLE_CODE = YES;
				CLANG_WARN__DUPLICATE_METHOD_MATCH = YES;
				COPY_PHASE_STRIP = NO;
				DEBUG_INFORMATION_FORMAT = "dwarf-with-dsym";
				ENABLE_NS_ASSERTIONS = NO;
				ENABLE_STRICT_OBJC_MSGSEND = YES;
				GCC_C_LANGUAGE_STANDARD = gnu11;
				GCC_NO_COMMON_BLOCKS = YES;
				GCC_WARN_64_TO_32_BIT_CONVERSION = YES;
				GCC_WARN_ABOUT_RETURN_TYPE = YES_ERROR;
				GCC_WARN_UNDECLARED_SELECTOR = YES;
				GCC_WARN_UNINITIALIZED_AUTOS = YES_AGGRESSIVE;
				GCC_WARN_UNUSED_FUNCTION = YES;
				GCC_WARN_UNUSED_VARIABLE = YES;
				IPHONEOS_DEPLOYMENT_TARGET = 14.5;
				MTL_ENABLE_DEBUG_INFO = NO;
				MTL_FAST_MATH = YES;
				SDKROOT = iphoneos;
				SWIFT_COMPILATION_MODE = wholemodule;
				SWIFT_OPTIMIZATION_LEVEL = "-O";
				VALIDATE_PRODUCT = YES;
			};
			name = Release;
		};
		ABCA39622647EADC0027AC79 /* Debug */ = {
			isa = XCBuildConfiguration;
			baseConfigurationReference = 7B652DC497B611AECA875F0F /* Pods-FilteringOperatorsRxSwiftToDoApp.debug.xcconfig */;
			buildSettings = {
				ASSETCATALOG_COMPILER_APPICON_NAME = AppIcon;
				ASSETCATALOG_COMPILER_GLOBAL_ACCENT_COLOR_NAME = AccentColor;
				CODE_SIGN_STYLE = Automatic;
				DEVELOPMENT_TEAM = 242KS3V77L;
				INFOPLIST_FILE = FilteringOperatorsRxSwiftToDoApp/Info.plist;
				LD_RUNPATH_SEARCH_PATHS = (
					"$(inherited)",
					"@executable_path/Frameworks",
				);
				PRODUCT_BUNDLE_IDENTIFIER = oonishireon.FilteringOperatorsRxSwiftToDoApp;
				PRODUCT_NAME = "$(TARGET_NAME)";
				SWIFT_VERSION = 5.0;
				TARGETED_DEVICE_FAMILY = "1,2";
			};
			name = Debug;
		};
		ABCA39632647EADC0027AC79 /* Release */ = {
			isa = XCBuildConfiguration;
			baseConfigurationReference = 0BAC4858F6AC1325A1E581E1 /* Pods-FilteringOperatorsRxSwiftToDoApp.release.xcconfig */;
			buildSettings = {
				ASSETCATALOG_COMPILER_APPICON_NAME = AppIcon;
				ASSETCATALOG_COMPILER_GLOBAL_ACCENT_COLOR_NAME = AccentColor;
				CODE_SIGN_STYLE = Automatic;
				DEVELOPMENT_TEAM = 242KS3V77L;
				INFOPLIST_FILE = FilteringOperatorsRxSwiftToDoApp/Info.plist;
				LD_RUNPATH_SEARCH_PATHS = (
					"$(inherited)",
					"@executable_path/Frameworks",
				);
				PRODUCT_BUNDLE_IDENTIFIER = oonishireon.FilteringOperatorsRxSwiftToDoApp;
				PRODUCT_NAME = "$(TARGET_NAME)";
				SWIFT_VERSION = 5.0;
				TARGETED_DEVICE_FAMILY = "1,2";
			};
			name = Release;
		};
/* End XCBuildConfiguration section */

/* Begin XCConfigurationList section */
		ABCA39482647EAD90027AC79 /* Build configuration list for PBXProject "FilteringOperatorsRxSwiftToDoApp" */ = {
			isa = XCConfigurationList;
			buildConfigurations = (
				ABCA395F2647EADC0027AC79 /* Debug */,
				ABCA39602647EADC0027AC79 /* Release */,
			);
			defaultConfigurationIsVisible = 0;
			defaultConfigurationName = Release;
		};
		ABCA39612647EADC0027AC79 /* Build configuration list for PBXNativeTarget "FilteringOperatorsRxSwiftToDoApp" */ = {
			isa = XCConfigurationList;
			buildConfigurations = (
				ABCA39622647EADC0027AC79 /* Debug */,
				ABCA39632647EADC0027AC79 /* Release */,
			);
			defaultConfigurationIsVisible = 0;
			defaultConfigurationName = Release;
		};
/* End XCConfigurationList section */
	};
	rootObject = ABCA39452647EAD90027AC79 /* Project object */;
}
