// !$*UTF8*$!
{
	archiveVersion = 1;
	classes = {
	};
	objectVersion = 54;
	objects = {

/* Begin PBXBuildFile section */
		8801A85EA22D03C363E6871A /* Pods_CounterRxSwift.framework in Frameworks */ = {isa = PBXBuildFile; fileRef = 845E58E40FECF1CEAF782C4C /* Pods_CounterRxSwift.framework */; };
		AB370C8F261B0DCD00554B21 /* RxSwiftViewController.swift in Sources */ = {isa = PBXBuildFile; fileRef = AB370C8D261B0DCD00554B21 /* RxSwiftViewController.swift */; };
		AB370C90261B0DCE00554B21 /* RxSwiftViewController.xib in Resources */ = {isa = PBXBuildFile; fileRef = AB370C8E261B0DCD00554B21 /* RxSwiftViewController.xib */; };
		AB370C94261B0E5800554B21 /* CounterViewModelInput.swift in Sources */ = {isa = PBXBuildFile; fileRef = AB370C93261B0E5800554B21 /* CounterViewModelInput.swift */; };
		AB370C9A261B0FB700554B21 /* RxCounterViewModel.swift in Sources */ = {isa = PBXBuildFile; fileRef = AB370C99261B0FB700554B21 /* RxCounterViewModel.swift */; };
		AB7E41C3261AE7E8004D9926 /* AppDelegate.swift in Sources */ = {isa = PBXBuildFile; fileRef = AB7E41C2261AE7E8004D9926 /* AppDelegate.swift */; };
		AB7E41C5261AE7E8004D9926 /* SceneDelegate.swift in Sources */ = {isa = PBXBuildFile; fileRef = AB7E41C4261AE7E8004D9926 /* SceneDelegate.swift */; };
		AB7E41C7261AE7E8004D9926 /* ClosureViewController.swift in Sources */ = {isa = PBXBuildFile; fileRef = AB7E41C6261AE7E8004D9926 /* ClosureViewController.swift */; };
		AB7E41CC261AE7ED004D9926 /* Assets.xcassets in Resources */ = {isa = PBXBuildFile; fileRef = AB7E41CB261AE7ED004D9926 /* Assets.xcassets */; };
		AB7E41CF261AE7ED004D9926 /* LaunchScreen.storyboard in Resources */ = {isa = PBXBuildFile; fileRef = AB7E41CD261AE7ED004D9926 /* LaunchScreen.storyboard */; };
		AB7E41DE261AE9CA004D9926 /* ClosureViewController.xib in Resources */ = {isa = PBXBuildFile; fileRef = AB7E41DD261AE9CA004D9926 /* ClosureViewController.xib */; };
		AB7E41EB261AF0D8004D9926 /* ClosureCounterViewModel.swift in Sources */ = {isa = PBXBuildFile; fileRef = AB7E41EA261AF0D8004D9926 /* ClosureCounterViewModel.swift */; };
		AB7E41F2261AF65E004D9926 /* TopViewController.swift in Sources */ = {isa = PBXBuildFile; fileRef = AB7E41F0261AF65E004D9926 /* TopViewController.swift */; };
		AB7E41F3261AF65E004D9926 /* TopViewController.xib in Resources */ = {isa = PBXBuildFile; fileRef = AB7E41F1261AF65E004D9926 /* TopViewController.xib */; };
		AB7E41F9261AF7E4004D9926 /* CounterPresenter.swift in Sources */ = {isa = PBXBuildFile; fileRef = AB7E41F8261AF7E4004D9926 /* CounterPresenter.swift */; };
		AB7E41FD261AF89F004D9926 /* DelegateViewController.swift in Sources */ = {isa = PBXBuildFile; fileRef = AB7E41FC261AF89F004D9926 /* DelegateViewController.swift */; };
		AB7E4202261AF8BD004D9926 /* DelegateViewController.xib in Resources */ = {isa = PBXBuildFile; fileRef = AB7E4201261AF8BD004D9926 /* DelegateViewController.xib */; };
/* End PBXBuildFile section */

/* Begin PBXFileReference section */
		030A556FA0103C837E78F86B /* Pods-CounterRxSwift.debug.xcconfig */ = {isa = PBXFileReference; includeInIndex = 1; lastKnownFileType = text.xcconfig; name = "Pods-CounterRxSwift.debug.xcconfig"; path = "Target Support Files/Pods-CounterRxSwift/Pods-CounterRxSwift.debug.xcconfig"; sourceTree = "<group>"; };
		845E58E40FECF1CEAF782C4C /* Pods_CounterRxSwift.framework */ = {isa = PBXFileReference; explicitFileType = wrapper.framework; includeInIndex = 0; path = Pods_CounterRxSwift.framework; sourceTree = BUILT_PRODUCTS_DIR; };
		AB370C8D261B0DCD00554B21 /* RxSwiftViewController.swift */ = {isa = PBXFileReference; lastKnownFileType = sourcecode.swift; path = RxSwiftViewController.swift; sourceTree = "<group>"; };
		AB370C8E261B0DCD00554B21 /* RxSwiftViewController.xib */ = {isa = PBXFileReference; lastKnownFileType = file.xib; path = RxSwiftViewController.xib; sourceTree = "<group>"; };
		AB370C93261B0E5800554B21 /* CounterViewModelInput.swift */ = {isa = PBXFileReference; lastKnownFileType = sourcecode.swift; path = CounterViewModelInput.swift; sourceTree = "<group>"; };
		AB370C99261B0FB700554B21 /* RxCounterViewModel.swift */ = {isa = PBXFileReference; lastKnownFileType = sourcecode.swift; path = RxCounterViewModel.swift; sourceTree = "<group>"; };
		AB7E41BF261AE7E8004D9926 /* CounterRxSwift.app */ = {isa = PBXFileReference; explicitFileType = wrapper.application; includeInIndex = 0; path = CounterRxSwift.app; sourceTree = BUILT_PRODUCTS_DIR; };
		AB7E41C2261AE7E8004D9926 /* AppDelegate.swift */ = {isa = PBXFileReference; lastKnownFileType = sourcecode.swift; path = AppDelegate.swift; sourceTree = "<group>"; };
		AB7E41C4261AE7E8004D9926 /* SceneDelegate.swift */ = {isa = PBXFileReference; lastKnownFileType = sourcecode.swift; path = SceneDelegate.swift; sourceTree = "<group>"; };
		AB7E41C6261AE7E8004D9926 /* ClosureViewController.swift */ = {isa = PBXFileReference; lastKnownFileType = sourcecode.swift; path = ClosureViewController.swift; sourceTree = "<group>"; };
		AB7E41CB261AE7ED004D9926 /* Assets.xcassets */ = {isa = PBXFileReference; lastKnownFileType = folder.assetcatalog; path = Assets.xcassets; sourceTree = "<group>"; };
		AB7E41CE261AE7ED004D9926 /* Base */ = {isa = PBXFileReference; lastKnownFileType = file.storyboard; name = Base; path = Base.lproj/LaunchScreen.storyboard; sourceTree = "<group>"; };
		AB7E41D0261AE7ED004D9926 /* Info.plist */ = {isa = PBXFileReference; lastKnownFileType = text.plist.xml; path = Info.plist; sourceTree = "<group>"; };
		AB7E41DD261AE9CA004D9926 /* ClosureViewController.xib */ = {isa = PBXFileReference; lastKnownFileType = file.xib; path = ClosureViewController.xib; sourceTree = "<group>"; };
		AB7E41EA261AF0D8004D9926 /* ClosureCounterViewModel.swift */ = {isa = PBXFileReference; lastKnownFileType = sourcecode.swift; path = ClosureCounterViewModel.swift; sourceTree = "<group>"; };
		AB7E41F0261AF65E004D9926 /* TopViewController.swift */ = {isa = PBXFileReference; lastKnownFileType = sourcecode.swift; path = TopViewController.swift; sourceTree = "<group>"; };
		AB7E41F1261AF65E004D9926 /* TopViewController.xib */ = {isa = PBXFileReference; lastKnownFileType = file.xib; path = TopViewController.xib; sourceTree = "<group>"; };
		AB7E41F8261AF7E4004D9926 /* CounterPresenter.swift */ = {isa = PBXFileReference; lastKnownFileType = sourcecode.swift; path = CounterPresenter.swift; sourceTree = "<group>"; };
		AB7E41FC261AF89F004D9926 /* DelegateViewController.swift */ = {isa = PBXFileReference; lastKnownFileType = sourcecode.swift; path = DelegateViewController.swift; sourceTree = "<group>"; };
		AB7E4201261AF8BD004D9926 /* DelegateViewController.xib */ = {isa = PBXFileReference; lastKnownFileType = file.xib; path = DelegateViewController.xib; sourceTree = "<group>"; };
		E535E471C845A79F247AAB64 /* Pods-CounterRxSwift.release.xcconfig */ = {isa = PBXFileReference; includeInIndex = 1; lastKnownFileType = text.xcconfig; name = "Pods-CounterRxSwift.release.xcconfig"; path = "Target Support Files/Pods-CounterRxSwift/Pods-CounterRxSwift.release.xcconfig"; sourceTree = "<group>"; };
/* End PBXFileReference section */

/* Begin PBXFrameworksBuildPhase section */
		AB7E41BC261AE7E8004D9926 /* Frameworks */ = {
			isa = PBXFrameworksBuildPhase;
			buildActionMask = 2147483647;
			files = (
				8801A85EA22D03C363E6871A /* Pods_CounterRxSwift.framework in Frameworks */,
			);
			runOnlyForDeploymentPostprocessing = 0;
		};
/* End PBXFrameworksBuildPhase section */

/* Begin PBXGroup section */
		19F9D0FA27976D533BD11E61 /* Frameworks */ = {
			isa = PBXGroup;
			children = (
				845E58E40FECF1CEAF782C4C /* Pods_CounterRxSwift.framework */,
			);
			name = Frameworks;
			sourceTree = "<group>";
		};
		AB370C96261B0E6200554B21 /* Models */ = {
			isa = PBXGroup;
			children = (
			);
			path = Models;
			sourceTree = "<group>";
		};
		AB7E41B6261AE7E8004D9926 = {
			isa = PBXGroup;
			children = (
				AB7E41C1261AE7E8004D9926 /* CounterRxSwift */,
				AB7E41C0261AE7E8004D9926 /* Products */,
				C4E90C149B44CFCFE83F0611 /* Pods */,
				19F9D0FA27976D533BD11E61 /* Frameworks */,
			);
			sourceTree = "<group>";
		};
		AB7E41C0261AE7E8004D9926 /* Products */ = {
			isa = PBXGroup;
			children = (
				AB7E41BF261AE7E8004D9926 /* CounterRxSwift.app */,
			);
			name = Products;
			sourceTree = "<group>";
		};
		AB7E41C1261AE7E8004D9926 /* CounterRxSwift */ = {
			isa = PBXGroup;
			children = (
				AB370C96261B0E6200554B21 /* Models */,
				AB7E41FB261AF7E9004D9926 /* Presenters */,
				AB7E41F7261AF756004D9926 /* ViewModels */,
				AB7E41F6261AF752004D9926 /* Views */,
				AB7E41F5261AF741004D9926 /* ViewControllers */,
				AB7E41C2261AE7E8004D9926 /* AppDelegate.swift */,
				AB7E41C4261AE7E8004D9926 /* SceneDelegate.swift */,
				AB7E41CB261AE7ED004D9926 /* Assets.xcassets */,
				AB7E41CD261AE7ED004D9926 /* LaunchScreen.storyboard */,
				AB7E41D0261AE7ED004D9926 /* Info.plist */,
			);
			path = CounterRxSwift;
			sourceTree = "<group>";
		};
		AB7E41F5261AF741004D9926 /* ViewControllers */ = {
			isa = PBXGroup;
			children = (
				AB7E41F0261AF65E004D9926 /* TopViewController.swift */,
				AB7E41C6261AE7E8004D9926 /* ClosureViewController.swift */,
				AB7E41FC261AF89F004D9926 /* DelegateViewController.swift */,
				AB370C8D261B0DCD00554B21 /* RxSwiftViewController.swift */,
			);
			path = ViewControllers;
			sourceTree = "<group>";
		};
		AB7E41F6261AF752004D9926 /* Views */ = {
			isa = PBXGroup;
			children = (
				AB7E41F1261AF65E004D9926 /* TopViewController.xib */,
				AB7E41DD261AE9CA004D9926 /* ClosureViewController.xib */,
				AB7E4201261AF8BD004D9926 /* DelegateViewController.xib */,
				AB370C8E261B0DCD00554B21 /* RxSwiftViewController.xib */,
			);
			path = Views;
			sourceTree = "<group>";
		};
		AB7E41F7261AF756004D9926 /* ViewModels */ = {
			isa = PBXGroup;
			children = (
				AB7E41EA261AF0D8004D9926 /* ClosureCounterViewModel.swift */,
				AB370C99261B0FB700554B21 /* RxCounterViewModel.swift */,
				AB370C93261B0E5800554B21 /* CounterViewModelInput.swift */,
			);
			path = ViewModels;
			sourceTree = "<group>";
		};
		AB7E41FB261AF7E9004D9926 /* Presenters */ = {
			isa = PBXGroup;
			children = (
				AB7E41F8261AF7E4004D9926 /* CounterPresenter.swift */,
			);
			path = Presenters;
			sourceTree = "<group>";
		};
		C4E90C149B44CFCFE83F0611 /* Pods */ = {
			isa = PBXGroup;
			children = (
				030A556FA0103C837E78F86B /* Pods-CounterRxSwift.debug.xcconfig */,
				E535E471C845A79F247AAB64 /* Pods-CounterRxSwift.release.xcconfig */,
			);
			path = Pods;
			sourceTree = "<group>";
		};
/* End PBXGroup section */

/* Begin PBXNativeTarget section */
		AB7E41BE261AE7E8004D9926 /* CounterRxSwift */ = {
			isa = PBXNativeTarget;
			buildConfigurationList = AB7E41D3261AE7ED004D9926 /* Build configuration list for PBXNativeTarget "CounterRxSwift" */;
			buildPhases = (
				B4F2891B16330FD7ACCFA21D /* [CP] Check Pods Manifest.lock */,
				AB7E41BB261AE7E8004D9926 /* Sources */,
				AB7E41BC261AE7E8004D9926 /* Frameworks */,
				AB7E41BD261AE7E8004D9926 /* Resources */,
				5A9DF81745A6759EA2DFC7B3 /* [CP] Embed Pods Frameworks */,
			);
			buildRules = (
			);
			dependencies = (
			);
			name = CounterRxSwift;
			productName = CounterRxSwift;
			productReference = AB7E41BF261AE7E8004D9926 /* CounterRxSwift.app */;
			productType = "com.apple.product-type.application";
		};
/* End PBXNativeTarget section */

/* Begin PBXProject section */
		AB7E41B7261AE7E8004D9926 /* Project object */ = {
			isa = PBXProject;
			attributes = {
				LastSwiftUpdateCheck = 1240;
				LastUpgradeCheck = 1240;
				TargetAttributes = {
					AB7E41BE261AE7E8004D9926 = {
						CreatedOnToolsVersion = 12.4;
					};
				};
			};
			buildConfigurationList = AB7E41BA261AE7E8004D9926 /* Build configuration list for PBXProject "CounterRxSwift" */;
			compatibilityVersion = "Xcode 12.0";
			developmentRegion = en;
			hasScannedForEncodings = 0;
			knownRegions = (
				en,
				Base,
			);
			mainGroup = AB7E41B6261AE7E8004D9926;
			productRefGroup = AB7E41C0261AE7E8004D9926 /* Products */;
			projectDirPath = "";
			projectRoot = "";
			targets = (
				AB7E41BE261AE7E8004D9926 /* CounterRxSwift */,
			);
		};
/* End PBXProject section */

/* Begin PBXResourcesBuildPhase section */
		AB7E41BD261AE7E8004D9926 /* Resources */ = {
			isa = PBXResourcesBuildPhase;
			buildActionMask = 2147483647;
			files = (
				AB7E41F3261AF65E004D9926 /* TopViewController.xib in Resources */,
				AB7E41CF261AE7ED004D9926 /* LaunchScreen.storyboard in Resources */,
				AB7E41DE261AE9CA004D9926 /* ClosureViewController.xib in Resources */,
				AB7E41CC261AE7ED004D9926 /* Assets.xcassets in Resources */,
				AB370C90261B0DCE00554B21 /* RxSwiftViewController.xib in Resources */,
				AB7E4202261AF8BD004D9926 /* DelegateViewController.xib in Resources */,
			);
			runOnlyForDeploymentPostprocessing = 0;
		};
/* End PBXResourcesBuildPhase section */

/* Begin PBXShellScriptBuildPhase section */
		5A9DF81745A6759EA2DFC7B3 /* [CP] Embed Pods Frameworks */ = {
			isa = PBXShellScriptBuildPhase;
			buildActionMask = 2147483647;
			files = (
			);
			inputFileListPaths = (
				"${PODS_ROOT}/Target Support Files/Pods-CounterRxSwift/Pods-CounterRxSwift-frameworks-${CONFIGURATION}-input-files.xcfilelist",
			);
			name = "[CP] Embed Pods Frameworks";
			outputFileListPaths = (
				"${PODS_ROOT}/Target Support Files/Pods-CounterRxSwift/Pods-CounterRxSwift-frameworks-${CONFIGURATION}-output-files.xcfilelist",
			);
			runOnlyForDeploymentPostprocessing = 0;
			shellPath = /bin/sh;
			shellScript = "\"${PODS_ROOT}/Target Support Files/Pods-CounterRxSwift/Pods-CounterRxSwift-frameworks.sh\"\n";
			showEnvVarsInLog = 0;
		};
		B4F2891B16330FD7ACCFA21D /* [CP] Check Pods Manifest.lock */ = {
			isa = PBXShellScriptBuildPhase;
			buildActionMask = 2147483647;
			files = (
			);
			inputFileListPaths = (
			);
			inputPaths = (
				"${PODS_PODFILE_DIR_PATH}/Podfile.lock",
				"${PODS_ROOT}/Manifest.lock",
			);
			name = "[CP] Check Pods Manifest.lock";
			outputFileListPaths = (
			);
			outputPaths = (
				"$(DERIVED_FILE_DIR)/Pods-CounterRxSwift-checkManifestLockResult.txt",
			);
			runOnlyForDeploymentPostprocessing = 0;
			shellPath = /bin/sh;
			shellScript = "diff \"${PODS_PODFILE_DIR_PATH}/Podfile.lock\" \"${PODS_ROOT}/Manifest.lock\" > /dev/null\nif [ $? != 0 ] ; then\n    # print error to STDERR\n    echo \"error: The sandbox is not in sync with the Podfile.lock. Run 'pod install' or update your CocoaPods installation.\" >&2\n    exit 1\nfi\n# This output is used by Xcode 'outputs' to avoid re-running this script phase.\necho \"SUCCESS\" > \"${SCRIPT_OUTPUT_FILE_0}\"\n";
			showEnvVarsInLog = 0;
		};
/* End PBXShellScriptBuildPhase section */

/* Begin PBXSourcesBuildPhase section */
		AB7E41BB261AE7E8004D9926 /* Sources */ = {
			isa = PBXSourcesBuildPhase;
			buildActionMask = 2147483647;
			files = (
				AB7E41C7261AE7E8004D9926 /* ClosureViewController.swift in Sources */,
				AB7E41EB261AF0D8004D9926 /* ClosureCounterViewModel.swift in Sources */,
				AB7E41C3261AE7E8004D9926 /* AppDelegate.swift in Sources */,
				AB7E41FD261AF89F004D9926 /* DelegateViewController.swift in Sources */,
				AB370C94261B0E5800554B21 /* CounterViewModelInput.swift in Sources */,
				AB370C9A261B0FB700554B21 /* RxCounterViewModel.swift in Sources */,
				AB370C8F261B0DCD00554B21 /* RxSwiftViewController.swift in Sources */,
				AB7E41C5261AE7E8004D9926 /* SceneDelegate.swift in Sources */,
				AB7E41F2261AF65E004D9926 /* TopViewController.swift in Sources */,
				AB7E41F9261AF7E4004D9926 /* CounterPresenter.swift in Sources */,
			);
			runOnlyForDeploymentPostprocessing = 0;
		};
/* End PBXSourcesBuildPhase section */

/* Begin PBXVariantGroup section */
		AB7E41CD261AE7ED004D9926 /* LaunchScreen.storyboard */ = {
			isa = PBXVariantGroup;
			children = (
				AB7E41CE261AE7ED004D9926 /* Base */,
			);
			name = LaunchScreen.storyboard;
			sourceTree = "<group>";
		};
/* End PBXVariantGroup section */

/* Begin XCBuildConfiguration section */
		AB7E41D1261AE7ED004D9926 /* Debug */ = {
			isa = XCBuildConfiguration;
			buildSettings = {
				ALWAYS_SEARCH_USER_PATHS = NO;
				CLANG_ANALYZER_NONNULL = YES;
				CLANG_ANALYZER_NUMBER_OBJECT_CONVERSION = YES_AGGRESSIVE;
				CLANG_CXX_LANGUAGE_STANDARD = "gnu++14";
				CLANG_CXX_LIBRARY = "libc++";
				CLANG_ENABLE_MODULES = YES;
				CLANG_ENABLE_OBJC_ARC = YES;
				CLANG_ENABLE_OBJC_WEAK = YES;
				CLANG_WARN_BLOCK_CAPTURE_AUTORELEASING = YES;
				CLANG_WARN_BOOL_CONVERSION = YES;
				CLANG_WARN_COMMA = YES;
				CLANG_WARN_CONSTANT_CONVERSION = YES;
				CLANG_WARN_DEPRECATED_OBJC_IMPLEMENTATIONS = YES;
				CLANG_WARN_DIRECT_OBJC_ISA_USAGE = YES_ERROR;
				CLANG_WARN_DOCUMENTATION_COMMENTS = YES;
				CLANG_WARN_EMPTY_BODY = YES;
				CLANG_WARN_ENUM_CONVERSION = YES;
				CLANG_WARN_INFINITE_RECURSION = YES;
				CLANG_WARN_INT_CONVERSION = YES;
				CLANG_WARN_NON_LITERAL_NULL_CONVERSION = YES;
				CLANG_WARN_OBJC_IMPLICIT_RETAIN_SELF = YES;
				CLANG_WARN_OBJC_LITERAL_CONVERSION = YES;
				CLANG_WARN_OBJC_ROOT_CLASS = YES_ERROR;
				CLANG_WARN_QUOTED_INCLUDE_IN_FRAMEWORK_HEADER = YES;
				CLANG_WARN_RANGE_LOOP_ANALYSIS = YES;
				CLANG_WARN_STRICT_PROTOTYPES = YES;
				CLANG_WARN_SUSPICIOUS_MOVE = YES;
				CLANG_WARN_UNGUARDED_AVAILABILITY = YES_AGGRESSIVE;
				CLANG_WARN_UNREACHABLE_CODE = YES;
				CLANG_WARN__DUPLICATE_METHOD_MATCH = YES;
				COPY_PHASE_STRIP = NO;
				DEBUG_INFORMATION_FORMAT = dwarf;
				ENABLE_STRICT_OBJC_MSGSEND = YES;
				ENABLE_TESTABILITY = YES;
				GCC_C_LANGUAGE_STANDARD = gnu11;
				GCC_DYNAMIC_NO_PIC = NO;
				GCC_NO_COMMON_BLOCKS = YES;
				GCC_OPTIMIZATION_LEVEL = 0;
				GCC_PREPROCESSOR_DEFINITIONS = (
					"DEBUG=1",
					"$(inherited)",
				);
				GCC_WARN_64_TO_32_BIT_CONVERSION = YES;
				GCC_WARN_ABOUT_RETURN_TYPE = YES_ERROR;
				GCC_WARN_UNDECLARED_SELECTOR = YES;
				GCC_WARN_UNINITIALIZED_AUTOS = YES_AGGRESSIVE;
				GCC_WARN_UNUSED_FUNCTION = YES;
				GCC_WARN_UNUSED_VARIABLE = YES;
				IPHONEOS_DEPLOYMENT_TARGET = 14.4;
				MTL_ENABLE_DEBUG_INFO = INCLUDE_SOURCE;
				MTL_FAST_MATH = YES;
				ONLY_ACTIVE_ARCH = YES;
				SDKROOT = iphoneos;
				SWIFT_ACTIVE_COMPILATION_CONDITIONS = DEBUG;
				SWIFT_OPTIMIZATION_LEVEL = "-Onone";
			};
			name = Debug;
		};
		AB7E41D2261AE7ED004D9926 /* Release */ = {
			isa = XCBuildConfiguration;
			buildSettings = {
				ALWAYS_SEARCH_USER_PATHS = NO;
				CLANG_ANALYZER_NONNULL = YES;
				CLANG_ANALYZER_NUMBER_OBJECT_CONVERSION = YES_AGGRESSIVE;
				CLANG_CXX_LANGUAGE_STANDARD = "gnu++14";
				CLANG_CXX_LIBRARY = "libc++";
				CLANG_ENABLE_MODULES = YES;
				CLANG_ENABLE_OBJC_ARC = YES;
				CLANG_ENABLE_OBJC_WEAK = YES;
				CLANG_WARN_BLOCK_CAPTURE_AUTORELEASING = YES;
				CLANG_WARN_BOOL_CONVERSION = YES;
				CLANG_WARN_COMMA = YES;
				CLANG_WARN_CONSTANT_CONVERSION = YES;
				CLANG_WARN_DEPRECATED_OBJC_IMPLEMENTATIONS = YES;
				CLANG_WARN_DIRECT_OBJC_ISA_USAGE = YES_ERROR;
				CLANG_WARN_DOCUMENTATION_COMMENTS = YES;
				CLANG_WARN_EMPTY_BODY = YES;
				CLANG_WARN_ENUM_CONVERSION = YES;
				CLANG_WARN_INFINITE_RECURSION = YES;
				CLANG_WARN_INT_CONVERSION = YES;
				CLANG_WARN_NON_LITERAL_NULL_CONVERSION = YES;
				CLANG_WARN_OBJC_IMPLICIT_RETAIN_SELF = YES;
				CLANG_WARN_OBJC_LITERAL_CONVERSION = YES;
				CLANG_WARN_OBJC_ROOT_CLASS = YES_ERROR;
				CLANG_WARN_QUOTED_INCLUDE_IN_FRAMEWORK_HEADER = YES;
				CLANG_WARN_RANGE_LOOP_ANALYSIS = YES;
				CLANG_WARN_STRICT_PROTOTYPES = YES;
				CLANG_WARN_SUSPICIOUS_MOVE = YES;
				CLANG_WARN_UNGUARDED_AVAILABILITY = YES_AGGRESSIVE;
				CLANG_WARN_UNREACHABLE_CODE = YES;
				CLANG_WARN__DUPLICATE_METHOD_MATCH = YES;
				COPY_PHASE_STRIP = NO;
				DEBUG_INFORMATION_FORMAT = "dwarf-with-dsym";
				ENABLE_NS_ASSERTIONS = NO;
				ENABLE_STRICT_OBJC_MSGSEND = YES;
				GCC_C_LANGUAGE_STANDARD = gnu11;
				GCC_NO_COMMON_BLOCKS = YES;
				GCC_WARN_64_TO_32_BIT_CONVERSION = YES;
				GCC_WARN_ABOUT_RETURN_TYPE = YES_ERROR;
				GCC_WARN_UNDECLARED_SELECTOR = YES;
				GCC_WARN_UNINITIALIZED_AUTOS = YES_AGGRESSIVE;
				GCC_WARN_UNUSED_FUNCTION = YES;
				GCC_WARN_UNUSED_VARIABLE = YES;
				IPHONEOS_DEPLOYMENT_TARGET = 14.4;
				MTL_ENABLE_DEBUG_INFO = NO;
				MTL_FAST_MATH = YES;
				SDKROOT = iphoneos;
				SWIFT_COMPILATION_MODE = wholemodule;
				SWIFT_OPTIMIZATION_LEVEL = "-O";
				VALIDATE_PRODUCT = YES;
			};
			name = Release;
		};
		AB7E41D4261AE7ED004D9926 /* Debug */ = {
			isa = XCBuildConfiguration;
			baseConfigurationReference = 030A556FA0103C837E78F86B /* Pods-CounterRxSwift.debug.xcconfig */;
			buildSettings = {
				ASSETCATALOG_COMPILER_APPICON_NAME = AppIcon;
				ASSETCATALOG_COMPILER_GLOBAL_ACCENT_COLOR_NAME = AccentColor;
				CODE_SIGN_STYLE = Automatic;
				INFOPLIST_FILE = CounterRxSwift/Info.plist;
				LD_RUNPATH_SEARCH_PATHS = (
					"$(inherited)",
					"@executable_path/Frameworks",
				);
				PRODUCT_BUNDLE_IDENTIFIER = oonishireon.CounterRxSwift;
				PRODUCT_NAME = "$(TARGET_NAME)";
				SWIFT_VERSION = 5.0;
				TARGETED_DEVICE_FAMILY = 1;
			};
			name = Debug;
		};
		AB7E41D5261AE7ED004D9926 /* Release */ = {
			isa = XCBuildConfiguration;
			baseConfigurationReference = E535E471C845A79F247AAB64 /* Pods-CounterRxSwift.release.xcconfig */;
			buildSettings = {
				ASSETCATALOG_COMPILER_APPICON_NAME = AppIcon;
				ASSETCATALOG_COMPILER_GLOBAL_ACCENT_COLOR_NAME = AccentColor;
				CODE_SIGN_STYLE = Automatic;
				INFOPLIST_FILE = CounterRxSwift/Info.plist;
				LD_RUNPATH_SEARCH_PATHS = (
					"$(inherited)",
					"@executable_path/Frameworks",
				);
				PRODUCT_BUNDLE_IDENTIFIER = oonishireon.CounterRxSwift;
				PRODUCT_NAME = "$(TARGET_NAME)";
				SWIFT_VERSION = 5.0;
				TARGETED_DEVICE_FAMILY = 1;
			};
			name = Release;
		};
/* End XCBuildConfiguration section */

/* Begin XCConfigurationList section */
		AB7E41BA261AE7E8004D9926 /* Build configuration list for PBXProject "CounterRxSwift" */ = {
			isa = XCConfigurationList;
			buildConfigurations = (
				AB7E41D1261AE7ED004D9926 /* Debug */,
				AB7E41D2261AE7ED004D9926 /* Release */,
			);
			defaultConfigurationIsVisible = 0;
			defaultConfigurationName = Release;
		};
		AB7E41D3261AE7ED004D9926 /* Build configuration list for PBXNativeTarget "CounterRxSwift" */ = {
			isa = XCConfigurationList;
			buildConfigurations = (
				AB7E41D4261AE7ED004D9926 /* Debug */,
				AB7E41D5261AE7ED004D9926 /* Release */,
			);
			defaultConfigurationIsVisible = 0;
			defaultConfigurationName = Release;
		};
/* End XCConfigurationList section */
	};
	rootObject = AB7E41B7261AE7E8004D9926 /* Project object */;
}
